
Microsoft Visual Studio Solution File, Format Version 12.00
Project("{FAE04EC0-301F-11D3-BF4B-00C04F79EFBC}") = "ImagePuller", "ImagePuller\ImagePuller.csproj", "{F7D2053B-6CEB-463C-97AE-D5F34F645655}"
EndProject
Global
	GlobalSection(SolutionConfigurationPlatforms) = preSolution
		Debug|Any CPU = Debug|Any CPU
		Release|Any CPU = Release|Any CPU
	EndGlobalSection
	GlobalSection(ProjectConfigurationPlatforms) = postSolution
		{F7D2053B-6CEB-463C-97AE-D5F34F645655}.Debug|Any CPU.ActiveCfg = Debug|Any CPU
		{F7D2053B-6CEB-463C-97AE-D5F34F645655}.Debug|Any CPU.Build.0 = Debug|Any CPU
		{F7D2053B-6CEB-463C-97AE-D5F34F645655}.Release|Any CPU.ActiveCfg = Release|Any CPU
		{F7D2053B-6CEB-463C-97AE-D5F34F645655}.Release|Any CPU.Build.0 = Release|Any CPU
	EndGlobalSection
EndGlobal
